// !$*UTF8*$!
{
	archiveVersion = 1;
	classes = {
	};
	objectVersion = 46;
	objects = {

/* Begin PBXBuildFile section */
		C80EDA721E4AB7870006C2EC /* AppDelegate.swift in Sources */ = {isa = PBXBuildFile; fileRef = C80EDA711E4AB7870006C2EC /* AppDelegate.swift */; };
		C80EDA741E4AB7870006C2EC /* ViewController.swift in Sources */ = {isa = PBXBuildFile; fileRef = C80EDA731E4AB7870006C2EC /* ViewController.swift */; };
		C80EDA771E4AB7870006C2EC /* Main.storyboard in Resources */ = {isa = PBXBuildFile; fileRef = C80EDA751E4AB7870006C2EC /* Main.storyboard */; };
		C80EDA7A1E4AB7870006C2EC /* tinderClone.xcdatamodeld in Sources */ = {isa = PBXBuildFile; fileRef = C80EDA781E4AB7870006C2EC /* tinderClone.xcdatamodeld */; };
		C80EDA7C1E4AB7870006C2EC /* Assets.xcassets in Resources */ = {isa = PBXBuildFile; fileRef = C80EDA7B1E4AB7870006C2EC /* Assets.xcassets */; };
		C80EDA7F1E4AB7870006C2EC /* LaunchScreen.storyboard in Resources */ = {isa = PBXBuildFile; fileRef = C80EDA7D1E4AB7870006C2EC /* LaunchScreen.storyboard */; };
		C80EDA871E4AB82E0006C2EC /* login.jpg in Resources */ = {isa = PBXBuildFile; fileRef = C80EDA861E4AB82E0006C2EC /* login.jpg */; };
		C80EDA8B1E4AD0410006C2EC /* UserDetailsViewController.swift in Sources */ = {isa = PBXBuildFile; fileRef = C80EDA8A1E4AD0410006C2EC /* UserDetailsViewController.swift */; };
		C80EDA8D1E4AD6680006C2EC /* profile.png in Resources */ = {isa = PBXBuildFile; fileRef = C80EDA8C1E4AD6680006C2EC /* profile.png */; };
		C80EDA8F1E4AE7460006C2EC /* SwipeViewController.swift in Sources */ = {isa = PBXBuildFile; fileRef = C80EDA8E1E4AE7460006C2EC /* SwipeViewController.swift */; };
		C80EDA911E4AF7530006C2EC /* human0.jpg in Resources */ = {isa = PBXBuildFile; fileRef = C80EDA901E4AF7530006C2EC /* human0.jpg */; };
		C80EDA931E4AF77A0006C2EC /* human3.jpg in Resources */ = {isa = PBXBuildFile; fileRef = C80EDA921E4AF77A0006C2EC /* human3.jpg */; };
		C80EDA951E4AF79E0006C2EC /* human4.jpg in Resources */ = {isa = PBXBuildFile; fileRef = C80EDA941E4AF79E0006C2EC /* human4.jpg */; };
		C80EDA971E4AF7C50006C2EC /* human1.jpg in Resources */ = {isa = PBXBuildFile; fileRef = C80EDA961E4AF7C50006C2EC /* human1.jpg */; };
		C80EDA991E4AF7DA0006C2EC /* human2.jpg in Resources */ = {isa = PBXBuildFile; fileRef = C80EDA981E4AF7DA0006C2EC /* human2.jpg */; };
/* End PBXBuildFile section */

/* Begin PBXFileReference section */
		C80EDA6E1E4AB7870006C2EC /* tinderClone.app */ = {isa = PBXFileReference; explicitFileType = wrapper.application; includeInIndex = 0; path = tinderClone.app; sourceTree = BUILT_PRODUCTS_DIR; };
		C80EDA711E4AB7870006C2EC /* AppDelegate.swift */ = {isa = PBXFileReference; lastKnownFileType = sourcecode.swift; path = AppDelegate.swift; sourceTree = "<group>"; };
		C80EDA731E4AB7870006C2EC /* ViewController.swift */ = {isa = PBXFileReference; lastKnownFileType = sourcecode.swift; path = ViewController.swift; sourceTree = "<group>"; };
		C80EDA761E4AB7870006C2EC /* Base */ = {isa = PBXFileReference; lastKnownFileType = file.storyboard; name = Base; path = Base.lproj/Main.storyboard; sourceTree = "<group>"; };
		C80EDA791E4AB7870006C2EC /* tinderClone.xcdatamodel */ = {isa = PBXFileReference; lastKnownFileType = wrapper.xcdatamodel; path = tinderClone.xcdatamodel; sourceTree = "<group>"; };
		C80EDA7B1E4AB7870006C2EC /* Assets.xcassets */ = {isa = PBXFileReference; lastKnownFileType = folder.assetcatalog; path = Assets.xcassets; sourceTree = "<group>"; };
		C80EDA7E1E4AB7870006C2EC /* Base */ = {isa = PBXFileReference; lastKnownFileType = file.storyboard; name = Base; path = Base.lproj/LaunchScreen.storyboard; sourceTree = "<group>"; };
		C80EDA801E4AB7870006C2EC /* Info.plist */ = {isa = PBXFileReference; lastKnownFileType = text.plist.xml; path = Info.plist; sourceTree = "<group>"; };
		C80EDA861E4AB82E0006C2EC /* login.jpg */ = {isa = PBXFileReference; lastKnownFileType = image.jpeg; path = login.jpg; sourceTree = "<group>"; };
		C80EDA8A1E4AD0410006C2EC /* UserDetailsViewController.swift */ = {isa = PBXFileReference; fileEncoding = 4; lastKnownFileType = sourcecode.swift; name = UserDetailsViewController.swift; path = ../UserDetailsViewController.swift; sourceTree = "<group>"; };
		C80EDA8C1E4AD6680006C2EC /* profile.png */ = {isa = PBXFileReference; lastKnownFileType = image.png; path = profile.png; sourceTree = "<group>"; };
		C80EDA8E1E4AE7460006C2EC /* SwipeViewController.swift */ = {isa = PBXFileReference; fileEncoding = 4; lastKnownFileType = sourcecode.swift; path = SwipeViewController.swift; sourceTree = "<group>"; };
		C80EDA901E4AF7530006C2EC /* human0.jpg */ = {isa = PBXFileReference; lastKnownFileType = image.jpeg; path = human0.jpg; sourceTree = "<group>"; };
		C80EDA921E4AF77A0006C2EC /* human3.jpg */ = {isa = PBXFileReference; lastKnownFileType = image.jpeg; path = human3.jpg; sourceTree = "<group>"; };
		C80EDA941E4AF79E0006C2EC /* human4.jpg */ = {isa = PBXFileReference; lastKnownFileType = image.jpeg; path = human4.jpg; sourceTree = "<group>"; };
		C80EDA961E4AF7C50006C2EC /* human1.jpg */ = {isa = PBXFileReference; lastKnownFileType = image.jpeg; path = human1.jpg; sourceTree = "<group>"; };
		C80EDA981E4AF7DA0006C2EC /* human2.jpg */ = {isa = PBXFileReference; lastKnownFileType = image.jpeg; path = human2.jpg; sourceTree = "<group>"; };
/* End PBXFileReference section */

/* Begin PBXFrameworksBuildPhase section */
		C80EDA6B1E4AB7870006C2EC /* Frameworks */ = {
			isa = PBXFrameworksBuildPhase;
			buildActionMask = 2147483647;
			files = (
			);
			runOnlyForDeploymentPostprocessing = 0;
		};
/* End PBXFrameworksBuildPhase section */

/* Begin PBXGroup section */
		C80EDA651E4AB7870006C2EC = {
			isa = PBXGroup;
			children = (
				C80EDA701E4AB7870006C2EC /* tinderClone */,
				C80EDA6F1E4AB7870006C2EC /* Products */,
			);
			sourceTree = "<group>";
		};
		C80EDA6F1E4AB7870006C2EC /* Products */ = {
			isa = PBXGroup;
			children = (
				C80EDA6E1E4AB7870006C2EC /* tinderClone.app */,
			);
			name = Products;
			sourceTree = "<group>";
		};
		C80EDA701E4AB7870006C2EC /* tinderClone */ = {
			isa = PBXGroup;
			children = (
				C80EDA711E4AB7870006C2EC /* AppDelegate.swift */,
				C80EDA731E4AB7870006C2EC /* ViewController.swift */,
				C80EDA8E1E4AE7460006C2EC /* SwipeViewController.swift */,
				C80EDA8A1E4AD0410006C2EC /* UserDetailsViewController.swift */,
				C80EDA861E4AB82E0006C2EC /* login.jpg */,
				C80EDA901E4AF7530006C2EC /* human0.jpg */,
				C80EDA961E4AF7C50006C2EC /* human1.jpg */,
				C80EDA981E4AF7DA0006C2EC /* human2.jpg */,
				C80EDA921E4AF77A0006C2EC /* human3.jpg */,
				C80EDA8C1E4AD6680006C2EC /* profile.png */,
				C80EDA941E4AF79E0006C2EC /* human4.jpg */,
				C80EDA751E4AB7870006C2EC /* Main.storyboard */,
				C80EDA7B1E4AB7870006C2EC /* Assets.xcassets */,
				C80EDA7D1E4AB7870006C2EC /* LaunchScreen.storyboard */,
				C80EDA801E4AB7870006C2EC /* Info.plist */,
				C80EDA781E4AB7870006C2EC /* tinderClone.xcdatamodeld */,
			);
			path = tinderClone;
			sourceTree = "<group>";
		};
/* End PBXGroup section */

/* Begin PBXNativeTarget section */
		C80EDA6D1E4AB7870006C2EC /* tinderClone */ = {
			isa = PBXNativeTarget;
			buildConfigurationList = C80EDA831E4AB7870006C2EC /* Build configuration list for PBXNativeTarget "tinderClone" */;
			buildPhases = (
				C80EDA6A1E4AB7870006C2EC /* Sources */,
				C80EDA6B1E4AB7870006C2EC /* Frameworks */,
				C80EDA6C1E4AB7870006C2EC /* Resources */,
			);
			buildRules = (
			);
			dependencies = (
			);
			name = tinderClone;
			productName = tinderClone;
			productReference = C80EDA6E1E4AB7870006C2EC /* tinderClone.app */;
			productType = "com.apple.product-type.application";
		};
/* End PBXNativeTarget section */

/* Begin PBXProject section */
		C80EDA661E4AB7870006C2EC /* Project object */ = {
			isa = PBXProject;
			attributes = {
				LastSwiftUpdateCheck = 0820;
				LastUpgradeCheck = 0820;
				ORGANIZATIONNAME = com.Wilson;
				TargetAttributes = {
					C80EDA6D1E4AB7870006C2EC = {
						CreatedOnToolsVersion = 8.2.1;
						ProvisioningStyle = Automatic;
					};
				};
			};
			buildConfigurationList = C80EDA691E4AB7870006C2EC /* Build configuration list for PBXProject "tinderClone" */;
			compatibilityVersion = "Xcode 3.2";
			developmentRegion = English;
			hasScannedForEncodings = 0;
			knownRegions = (
				en,
				Base,
			);
			mainGroup = C80EDA651E4AB7870006C2EC;
			productRefGroup = C80EDA6F1E4AB7870006C2EC /* Products */;
			projectDirPath = "";
			projectRoot = "";
			targets = (
				C80EDA6D1E4AB7870006C2EC /* tinderClone */,
			);
		};
/* End PBXProject section */

/* Begin PBXResourcesBuildPhase section */
		C80EDA6C1E4AB7870006C2EC /* Resources */ = {
			isa = PBXResourcesBuildPhase;
			buildActionMask = 2147483647;
			files = (
				C80EDA7F1E4AB7870006C2EC /* LaunchScreen.storyboard in Resources */,
				C80EDA991E4AF7DA0006C2EC /* human2.jpg in Resources */,
				C80EDA951E4AF79E0006C2EC /* human4.jpg in Resources */,
				C80EDA911E4AF7530006C2EC /* human0.jpg in Resources */,
				C80EDA871E4AB82E0006C2EC /* login.jpg in Resources */,
				C80EDA931E4AF77A0006C2EC /* human3.jpg in Resources */,
				C80EDA7C1E4AB7870006C2EC /* Assets.xcassets in Resources */,
				C80EDA8D1E4AD6680006C2EC /* profile.png in Resources */,
				C80EDA971E4AF7C50006C2EC /* human1.jpg in Resources */,
				C80EDA771E4AB7870006C2EC /* Main.storyboard in Resources */,
			);
			runOnlyForDeploymentPostprocessing = 0;
		};
/* End PBXResourcesBuildPhase section */

/* Begin PBXSourcesBuildPhase section */
		C80EDA6A1E4AB7870006C2EC /* Sources */ = {
			isa = PBXSourcesBuildPhase;
			buildActionMask = 2147483647;
			files = (
				C80EDA8F1E4AE7460006C2EC /* SwipeViewController.swift in Sources */,
				C80EDA7A1E4AB7870006C2EC /* tinderClone.xcdatamodeld in Sources */,
				C80EDA741E4AB7870006C2EC /* ViewController.swift in Sources */,
				C80EDA8B1E4AD0410006C2EC /* UserDetailsViewController.swift in Sources */,
				C80EDA721E4AB7870006C2EC /* AppDelegate.swift in Sources */,
			);
			runOnlyForDeploymentPostprocessing = 0;
		};
/* End PBXSourcesBuildPhase section */

/* Begin PBXVariantGroup section */
		C80EDA751E4AB7870006C2EC /* Main.storyboard */ = {
			isa = PBXVariantGroup;
			children = (
				C80EDA761E4AB7870006C2EC /* Base */,
			);
			name = Main.storyboard;
			sourceTree = "<group>";
		};
		C80EDA7D1E4AB7870006C2EC /* LaunchScreen.storyboard */ = {
			isa = PBXVariantGroup;
			children = (
				C80EDA7E1E4AB7870006C2EC /* Base */,
			);
			name = LaunchScreen.storyboard;
			sourceTree = "<group>";
		};
/* End PBXVariantGroup section */

/* Begin XCBuildConfiguration section */
		C80EDA811E4AB7870006C2EC /* Debug */ = {
			isa = XCBuildConfiguration;
			buildSettings = {
				ALWAYS_SEARCH_USER_PATHS = NO;
				CLANG_ANALYZER_NONNULL = YES;
				CLANG_CXX_LANGUAGE_STANDARD = "gnu++0x";
				CLANG_CXX_LIBRARY = "libc++";
				CLANG_ENABLE_MODULES = YES;
				CLANG_ENABLE_OBJC_ARC = YES;
				CLANG_WARN_BOOL_CONVERSION = YES;
				CLANG_WARN_CONSTANT_CONVERSION = YES;
				CLANG_WARN_DIRECT_OBJC_ISA_USAGE = YES_ERROR;
				CLANG_WARN_DOCUMENTATION_COMMENTS = YES;
				CLANG_WARN_EMPTY_BODY = YES;
				CLANG_WARN_ENUM_CONVERSION = YES;
				CLANG_WARN_INFINITE_RECURSION = YES;
				CLANG_WARN_INT_CONVERSION = YES;
				CLANG_WARN_OBJC_ROOT_CLASS = YES_ERROR;
				CLANG_WARN_SUSPICIOUS_MOVE = YES;
				CLANG_WARN_UNREACHABLE_CODE = YES;
				CLANG_WARN__DUPLICATE_METHOD_MATCH = YES;
				"CODE_SIGN_IDENTITY[sdk=iphoneos*]" = "iPhone Developer";
				COPY_PHASE_STRIP = NO;
				DEBUG_INFORMATION_FORMAT = dwarf;
				ENABLE_STRICT_OBJC_MSGSEND = YES;
				ENABLE_TESTABILITY = YES;
				GCC_C_LANGUAGE_STANDARD = gnu99;
				GCC_DYNAMIC_NO_PIC = NO;
				GCC_NO_COMMON_BLOCKS = YES;
				GCC_OPTIMIZATION_LEVEL = 0;
				GCC_PREPROCESSOR_DEFINITIONS = (
					"DEBUG=1",
					"$(inherited)",
				);
				GCC_WARN_64_TO_32_BIT_CONVERSION = YES;
				GCC_WARN_ABOUT_RETURN_TYPE = YES_ERROR;
				GCC_WARN_UNDECLARED_SELECTOR = YES;
				GCC_WARN_UNINITIALIZED_AUTOS = YES_AGGRESSIVE;
				GCC_WARN_UNUSED_FUNCTION = YES;
				GCC_WARN_UNUSED_VARIABLE = YES;
				IPHONEOS_DEPLOYMENT_TARGET = 10.2;
				MTL_ENABLE_DEBUG_INFO = YES;
				ONLY_ACTIVE_ARCH = YES;
				SDKROOT = iphoneos;
				SWIFT_ACTIVE_COMPILATION_CONDITIONS = DEBUG;
				SWIFT_OPTIMIZATION_LEVEL = "-Onone";
			};
			name = Debug;
		};
		C80EDA821E4AB7870006C2EC /* Release */ = {
			isa = XCBuildConfiguration;
			buildSettings = {
				ALWAYS_SEARCH_USER_PATHS = NO;
				CLANG_ANALYZER_NONNULL = YES;
				CLANG_CXX_LANGUAGE_STANDARD = "gnu++0x";
				CLANG_CXX_LIBRARY = "libc++";
				CLANG_ENABLE_MODULES = YES;
				CLANG_ENABLE_OBJC_ARC = YES;
				CLANG_WARN_BOOL_CONVERSION = YES;
				CLANG_WARN_CONSTANT_CONVERSION = YES;
				CLANG_WARN_DIRECT_OBJC_ISA_USAGE = YES_ERROR;
				CLANG_WARN_DOCUMENTATION_COMMENTS = YES;
				CLANG_WARN_EMPTY_BODY = YES;
				CLANG_WARN_ENUM_CONVERSION = YES;
				CLANG_WARN_INFINITE_RECURSION = YES;
				CLANG_WARN_INT_CONVERSION = YES;
				CLANG_WARN_OBJC_ROOT_CLASS = YES_ERROR;
				CLANG_WARN_SUSPICIOUS_MOVE = YES;
				CLANG_WARN_UNREACHABLE_CODE = YES;
				CLANG_WARN__DUPLICATE_METHOD_MATCH = YES;
				"CODE_SIGN_IDENTITY[sdk=iphoneos*]" = "iPhone Developer";
				COPY_PHASE_STRIP = NO;
				DEBUG_INFORMATION_FORMAT = "dwarf-with-dsym";
				ENABLE_NS_ASSERTIONS = NO;
				ENABLE_STRICT_OBJC_MSGSEND = YES;
				GCC_C_LANGUAGE_STANDARD = gnu99;
				GCC_NO_COMMON_BLOCKS = YES;
				GCC_WARN_64_TO_32_BIT_CONVERSION = YES;
				GCC_WARN_ABOUT_RETURN_TYPE = YES_ERROR;
				GCC_WARN_UNDECLARED_SELECTOR = YES;
				GCC_WARN_UNINITIALIZED_AUTOS = YES_AGGRESSIVE;
				GCC_WARN_UNUSED_FUNCTION = YES;
				GCC_WARN_UNUSED_VARIABLE = YES;
				IPHONEOS_DEPLOYMENT_TARGET = 10.2;
				MTL_ENABLE_DEBUG_INFO = NO;
				SDKROOT = iphoneos;
				SWIFT_OPTIMIZATION_LEVEL = "-Owholemodule";
				VALIDATE_PRODUCT = YES;
			};
			name = Release;
		};
		C80EDA841E4AB7870006C2EC /* Debug */ = {
			isa = XCBuildConfiguration;
			buildSettings = {
				ASSETCATALOG_COMPILER_APPICON_NAME = AppIcon;
				INFOPLIST_FILE = tinderClone/Info.plist;
				LD_RUNPATH_SEARCH_PATHS = "$(inherited) @executable_path/Frameworks";
				PRODUCT_BUNDLE_IDENTIFIER = Ja.tinderClone;
				PRODUCT_NAME = "$(TARGET_NAME)";
				SWIFT_VERSION = 3.0;
			};
			name = Debug;
		};
		C80EDA851E4AB7870006C2EC /* Release */ = {
			isa = XCBuildConfiguration;
			buildSettings = {
				ASSETCATALOG_COMPILER_APPICON_NAME = AppIcon;
				INFOPLIST_FILE = tinderClone/Info.plist;
				LD_RUNPATH_SEARCH_PATHS = "$(inherited) @executable_path/Frameworks";
				PRODUCT_BUNDLE_IDENTIFIER = Ja.tinderClone;
				PRODUCT_NAME = "$(TARGET_NAME)";
				SWIFT_VERSION = 3.0;
			};
			name = Release;
		};
/* End XCBuildConfiguration section */

/* Begin XCConfigurationList section */
		C80EDA691E4AB7870006C2EC /* Build configuration list for PBXProject "tinderClone" */ = {
			isa = XCConfigurationList;
			buildConfigurations = (
				C80EDA811E4AB7870006C2EC /* Debug */,
				C80EDA821E4AB7870006C2EC /* Release */,
			);
			defaultConfigurationIsVisible = 0;
			defaultConfigurationName = Release;
		};
		C80EDA831E4AB7870006C2EC /* Build configuration list for PBXNativeTarget "tinderClone" */ = {
			isa = XCConfigurationList;
			buildConfigurations = (
				C80EDA841E4AB7870006C2EC /* Debug */,
				C80EDA851E4AB7870006C2EC /* Release */,
			);
			defaultConfigurationIsVisible = 0;
		};
/* End XCConfigurationList section */

/* Begin XCVersionGroup section */
		C80EDA781E4AB7870006C2EC /* tinderClone.xcdatamodeld */ = {
			isa = XCVersionGroup;
			children = (
				C80EDA791E4AB7870006C2EC /* tinderClone.xcdatamodel */,
			);
			currentVersion = C80EDA791E4AB7870006C2EC /* tinderClone.xcdatamodel */;
			path = tinderClone.xcdatamodeld;
			sourceTree = "<group>";
			versionGroupType = wrapper.xcdatamodel;
		};
/* End XCVersionGroup section */
	};
	rootObject = C80EDA661E4AB7870006C2EC /* Project object */;
}
